
Microsoft Visual Studio Solution File, Format Version 12.00
# Visual Studio Version 17
VisualStudioVersion = 17.14.36212.18
MinimumVisualStudioVersion = 10.0.40219.1
Project("{FAE04EC0-301F-11D3-BF4B-00C04F79EFBC}") = "Inventory.Application", "Modules\InventoryModule\Inventory.Application\Inventory.Application.csproj", "{32015117-7E0F-44F8-AFB5-E21BFEE3D311}"
EndProject
Project("{FAE04EC0-301F-11D3-BF4B-00C04F79EFBC}") = "Inventory.Domain", "Modules\InventoryModule\Inventory.Domain\Inventory.Domain.csproj", "{01EADB82-5616-4C48-B525-7FD704BC21C5}"
EndProject
Project("{FAE04EC0-301F-11D3-BF4B-00C04F79EFBC}") = "Inventory.Persistence", "Modules\InventoryModule\Inventory.Persistence\Inventory.Persistence.csproj", "{89915C27-E497-442B-88A6-080955C47D2A}"
EndProject
Project("{FAE04EC0-301F-11D3-BF4B-00C04F79EFBC}") = "Inventory.Infrastructure", "Modules\InventoryModule\Inventory.Infrastructure\Inventory.Infrastructure.csproj", "{F87BE39B-5E30-4D8C-A536-40A301631599}"
EndProject
Project("{2150E333-8FDC-42A3-9474-1A3956D46DE8}") = "Modules", "Modules", "{02EA681E-C7D8-13C7-8484-4AC65E1B71E8}"
EndProject
Project("{2150E333-8FDC-42A3-9474-1A3956D46DE8}") = "InventoryModule", "InventoryModule", "{19DD4472-58C2-4F22-B101-3388C8ABD0FF}"
EndProject
Project("{2150E333-8FDC-42A3-9474-1A3956D46DE8}") = "Api", "Api", "{3A7D5018-8F8A-4B21-A20B-6D13B828F112}"
EndProject
Project("{FAE04EC0-301F-11D3-BF4B-00C04F79EFBC}") = "ERP.Api", "Api\ERP.Api\ERP.Api.csproj", "{D258E9B3-93B4-42E8-95FA-BC2A13E5C2C5}"
EndProject
Project("{2150E333-8FDC-42A3-9474-1A3956D46DE8}") = "Solution Items", "Solution Items", "{8EC462FD-D22E-90A8-E5CE-7E832BA40C5D}"
	ProjectSection(SolutionItems) = preProject
		.gitignore = .gitignore
	EndProjectSection
EndProject
Project("{FAE04EC0-301F-11D3-BF4B-00C04F79EFBC}") = "Inventory.Api", "Modules\InventoryModule\Inventory.Api\Inventory.Api.csproj", "{6141DA31-7ED6-4883-9088-3D4FAE8D58E8}"
EndProject
Project("{2150E333-8FDC-42A3-9474-1A3956D46DE8}") = "SharedKernel", "SharedKernel", "{C05BF779-85D3-443E-9075-5AEE5C7D2161}"
EndProject
Project("{FAE04EC0-301F-11D3-BF4B-00C04F79EFBC}") = "Events", "SharedKernel\Events\Events.csproj", "{3F974B47-6E42-4446-B43B-4B164349C278}"
EndProject
Project("{2150E333-8FDC-42A3-9474-1A3956D46DE8}") = "IdentityModule", "IdentityModule", "{9B6E90DF-CE65-4E9A-A5DC-CD2F472042E6}"
EndProject
Project("{FAE04EC0-301F-11D3-BF4B-00C04F79EFBC}") = "Identity.Api", "Modules\IdentityModule\Identity.Api\Identity.Api.csproj", "{BF7B50C7-8368-4B5A-BDA3-8EA2062BCBD1}"
EndProject
Project("{FAE04EC0-301F-11D3-BF4B-00C04F79EFBC}") = "Identity.Application", "Modules\IdentityModule\Identity.Application\Identity.Application.csproj", "{1BD067A8-FBC7-46CC-AC64-55C06550A3C4}"
EndProject
Project("{FAE04EC0-301F-11D3-BF4B-00C04F79EFBC}") = "Identity.Persistense", "Modules\IdentityModule\Identity.Persistense\Identity.Persistense.csproj", "{C8BA4FA2-9BDF-4E6F-85F5-B68838EC4DD8}"
EndProject
Project("{FAE04EC0-301F-11D3-BF4B-00C04F79EFBC}") = "Identity.Infrastructure", "Modules\IdentityModule\Identity.Infrastructure\Identity.Infrastructure.csproj", "{FD46654B-D29D-40C6-9DB0-8E6FDE71C3CC}"
EndProject
Project("{FAE04EC0-301F-11D3-BF4B-00C04F79EFBC}") = "Identity.Domain", "Modules\IdentityModule\Identity.Domain\Identity.Domain.csproj", "{32BD76EB-3B12-4A3F-AC55-33A52081ABA4}"
EndProject
Project("{2150E333-8FDC-42A3-9474-1A3956D46DE8}") = "ProcurementModule", "ProcurementModule", "{4670E6BF-9CEC-8CF4-6D82-FF9DF68549C6}"
EndProject
Project("{FAE04EC0-301F-11D3-BF4B-00C04F79EFBC}") = "Procurement.Application", "Modules\ProcurementModule\Procurement.Application\Procurement.Application.csproj", "{E0EA1E4A-7409-4F44-8A21-43B1C72ED479}"
EndProject
Project("{FAE04EC0-301F-11D3-BF4B-00C04F79EFBC}") = "Procurement.Domain", "Modules\ProcurementModule\Procurement.Domain\Procurement.Domain.csproj", "{EF36FAD3-8C3E-4EE4-A8DD-6CE79CAD6C67}"
EndProject
Project("{FAE04EC0-301F-11D3-BF4B-00C04F79EFBC}") = "Procurement.Infrastructure", "Modules\ProcurementModule\Procurement.Infrastructure\Procurement.Infrastructure.csproj", "{24F05DC7-A65C-48CA-9BD7-22F383A40A6E}"
EndProject
Project("{FAE04EC0-301F-11D3-BF4B-00C04F79EFBC}") = "Procurement.Persistence", "Modules\ProcurementModule\Procurement.Persistence\Procurement.Persistence.csproj", "{911C0EAA-8C7E-4CD6-8DA5-6C457B4C92C1}"
EndProject
Project("{FAE04EC0-301F-11D3-BF4B-00C04F79EFBC}") = "Procurement.Api", "Modules\ProcurementModule\Procurement.Api\Procurement.Api.csproj", "{9634C14A-5E5B-4554-9543-6F8894632ED1}"
EndProject
Project("{2150E333-8FDC-42A3-9474-1A3956D46DE8}") = "HrModule", "HrModule", "{8C502F60-8965-4D92-D506-7A4BD8D4A5E2}"
EndProject
Project("{FAE04EC0-301F-11D3-BF4B-00C04F79EFBC}") = "Hr.Domain", "Modules\HrModule\Hr.Domain\Hr.Domain.csproj", "{B6A1BE7C-ABA6-485E-A726-6CF17BF70B27}"
EndProject
Project("{FAE04EC0-301F-11D3-BF4B-00C04F79EFBC}") = "Hr.Application", "Modules\HrModule\Hr.Application\Hr.Application.csproj", "{912D5ECB-D444-4AC4-9C22-89D7F7703D40}"
EndProject
Project("{FAE04EC0-301F-11D3-BF4B-00C04F79EFBC}") = "Hr.Persistence", "Modules\HrModule\Hr.Persistence\Hr.Persistence.csproj", "{D398F8E3-7BEE-4DBC-82FB-CAB5E6AA25F9}"
EndProject
Project("{FAE04EC0-301F-11D3-BF4B-00C04F79EFBC}") = "Hr.Infrastructure", "Modules\HrModule\Hr.Infrastructure\Hr.Infrastructure.csproj", "{328DC691-7058-43E3-9AE7-86D66E389B2D}"
EndProject
Project("{FAE04EC0-301F-11D3-BF4B-00C04F79EFBC}") = "Hr.Api", "Modules\HrModule\Hr.Api\Hr.Api.csproj", "{43428DBD-F94D-4F97-93F3-6EFD7F088AE5}"
EndProject
Project("{2150E333-8FDC-42A3-9474-1A3956D46DE8}") = "ReportModule", "ReportModule", "{FB5EFED5-F0C3-663F-6434-0245F9A01B95}"
EndProject
Project("{FAE04EC0-301F-11D3-BF4B-00C04F79EFBC}") = "Report.Domain", "Modules\ReportModule\Report.Domain\Report.Domain.csproj", "{32E83C14-DD52-4841-9AAF-4C9F5BBA314A}"
EndProject
Project("{FAE04EC0-301F-11D3-BF4B-00C04F79EFBC}") = "Report.Application", "Modules\ReportModule\Report.Application\Report.Application.csproj", "{58939C55-71E0-476F-98FC-A6A384855532}"
EndProject
Project("{FAE04EC0-301F-11D3-BF4B-00C04F79EFBC}") = "Report.Persistence", "Modules\ReportModule\Report.Persistence\Report.Persistence.csproj", "{3A49D43E-299B-403B-89AC-4B0C2D93C845}"
EndProject
Project("{FAE04EC0-301F-11D3-BF4B-00C04F79EFBC}") = "Report.Api", "Modules\ReportModule\Report.Api\Report.Api.csproj", "{F86369EB-3979-4651-AF1A-215FE82555E0}"
EndProject
Project("{FAE04EC0-301F-11D3-BF4B-00C04F79EFBC}") = "SharedKernel.Core", "SharedKernel\SharedKernel.Core.csproj", "{350B37A1-C40C-4B76-8FC1-906A99C40666}"
EndProject
Project("{2150E333-8FDC-42A3-9474-1A3956D46DE8}") = "SubscriptionModule", "SubscriptionModule", "{1E6DDFA9-FAD7-4011-8FB0-25F0E318523D}"
EndProject
Project("{FAE04EC0-301F-11D3-BF4B-00C04F79EFBC}") = "Subscription.Api", "Modules\SubscriptionModule\Subscription.Api\Subscription.Api.csproj", "{17148DF8-1946-474A-9FC8-CF25CD3285C8}"
EndProject
Project("{FAE04EC0-301F-11D3-BF4B-00C04F79EFBC}") = "Subscription.Domain", "Modules\SubscriptionModule\Subscription.Domain\Subscription.Domain.csproj", "{BA327B2D-F242-46FF-A909-7F1E57A2C7AE}"
EndProject
Project("{FAE04EC0-301F-11D3-BF4B-00C04F79EFBC}") = "Subscription.Application", "Modules\SubscriptionModule\Subscription.Application\Subscription.Application.csproj", "{9858DBCB-EC55-4E1F-8839-1E52DEB23556}"
EndProject
Project("{FAE04EC0-301F-11D3-BF4B-00C04F79EFBC}") = "Subscription.Persistence", "Modules\SubscriptionModule\Subscription.Persistence\Subscription.Persistence.csproj", "{504513DB-43BC-435B-A79D-397228DAD1A8}"
EndProject
Project("{FAE04EC0-301F-11D3-BF4B-00C04F79EFBC}") = "Subscription.Infrastructure", "Modules\SubscriptionModule\Subscription.Infrastructure\Subscription.Infrastructure.csproj", "{54EF5859-EC4E-4D83-887A-FF204B971CD5}"
EndProject
Project("{2150E333-8FDC-42A3-9474-1A3956D46DE8}") = "WebsiteModule", "WebsiteModule", "{0D02797D-001A-4FBA-88C2-4D21DFB8F72D}"
EndProject
Project("{FAE04EC0-301F-11D3-BF4B-00C04F79EFBC}") = "Website.Domain", "Modules\WebsiteModule\Website.Domain\Website.Domain.csproj", "{23AF8665-4671-4223-9CFE-A62B04AC9FAC}"
EndProject
Project("{FAE04EC0-301F-11D3-BF4B-00C04F79EFBC}") = "Website.Api", "Modules\WebsiteModule\Website.Api\Website.Api.csproj", "{81842FFF-25D9-4904-9A04-E59932F19A79}"
EndProject
Project("{FAE04EC0-301F-11D3-BF4B-00C04F79EFBC}") = "Website.Persistence", "Modules\WebsiteModule\Website.Persistence\Website.Persistence.csproj", "{4659FA02-5C21-4528-8A6F-E66587268F42}"
EndProject
Project("{FAE04EC0-301F-11D3-BF4B-00C04F79EFBC}") = "Website.Application", "Modules\WebsiteModule\Website.Application\Website.Application.csproj", "{4C0EAF0A-64A2-40BF-AA1E-E7879635F80E}"
EndProject
Project("{FAE04EC0-301F-11D3-BF4B-00C04F79EFBC}") = "Website.Infrastructure", "Modules\WebsiteModule\Website.Infrastructure\Website.Infrastructure.csproj", "{A125EED5-68FA-4F87-A2C4-66EA4EAEABEA}"
EndProject
Global
	GlobalSection(SolutionConfigurationPlatforms) = preSolution
		Debug|Any CPU = Debug|Any CPU
		Debug|x64 = Debug|x64
		Debug|x86 = Debug|x86
		Release|Any CPU = Release|Any CPU
		Release|x64 = Release|x64
		Release|x86 = Release|x86
	EndGlobalSection
	GlobalSection(ProjectConfigurationPlatforms) = postSolution
		{32015117-7E0F-44F8-AFB5-E21BFEE3D311}.Debug|Any CPU.ActiveCfg = Debug|Any CPU
		{32015117-7E0F-44F8-AFB5-E21BFEE3D311}.Debug|Any CPU.Build.0 = Debug|Any CPU
		{32015117-7E0F-44F8-AFB5-E21BFEE3D311}.Debug|x64.ActiveCfg = Debug|Any CPU
		{32015117-7E0F-44F8-AFB5-E21BFEE3D311}.Debug|x64.Build.0 = Debug|Any CPU
		{32015117-7E0F-44F8-AFB5-E21BFEE3D311}.Debug|x86.ActiveCfg = Debug|Any CPU
		{32015117-7E0F-44F8-AFB5-E21BFEE3D311}.Debug|x86.Build.0 = Debug|Any CPU
		{32015117-7E0F-44F8-AFB5-E21BFEE3D311}.Release|Any CPU.ActiveCfg = Release|Any CPU
		{32015117-7E0F-44F8-AFB5-E21BFEE3D311}.Release|Any CPU.Build.0 = Release|Any CPU
		{32015117-7E0F-44F8-AFB5-E21BFEE3D311}.Release|x64.ActiveCfg = Release|Any CPU
		{32015117-7E0F-44F8-AFB5-E21BFEE3D311}.Release|x64.Build.0 = Release|Any CPU
		{32015117-7E0F-44F8-AFB5-E21BFEE3D311}.Release|x86.ActiveCfg = Release|Any CPU
		{32015117-7E0F-44F8-AFB5-E21BFEE3D311}.Release|x86.Build.0 = Release|Any CPU
		{01EADB82-5616-4C48-B525-7FD704BC21C5}.Debug|Any CPU.ActiveCfg = Debug|Any CPU
		{01EADB82-5616-4C48-B525-7FD704BC21C5}.Debug|Any CPU.Build.0 = Debug|Any CPU
		{01EADB82-5616-4C48-B525-7FD704BC21C5}.Debug|x64.ActiveCfg = Debug|Any CPU
		{01EADB82-5616-4C48-B525-7FD704BC21C5}.Debug|x64.Build.0 = Debug|Any CPU
		{01EADB82-5616-4C48-B525-7FD704BC21C5}.Debug|x86.ActiveCfg = Debug|Any CPU
		{01EADB82-5616-4C48-B525-7FD704BC21C5}.Debug|x86.Build.0 = Debug|Any CPU
		{01EADB82-5616-4C48-B525-7FD704BC21C5}.Release|Any CPU.ActiveCfg = Release|Any CPU
		{01EADB82-5616-4C48-B525-7FD704BC21C5}.Release|Any CPU.Build.0 = Release|Any CPU
		{01EADB82-5616-4C48-B525-7FD704BC21C5}.Release|x64.ActiveCfg = Release|Any CPU
		{01EADB82-5616-4C48-B525-7FD704BC21C5}.Release|x64.Build.0 = Release|Any CPU
		{01EADB82-5616-4C48-B525-7FD704BC21C5}.Release|x86.ActiveCfg = Release|Any CPU
		{01EADB82-5616-4C48-B525-7FD704BC21C5}.Release|x86.Build.0 = Release|Any CPU
		{89915C27-E497-442B-88A6-080955C47D2A}.Debug|Any CPU.ActiveCfg = Debug|Any CPU
		{89915C27-E497-442B-88A6-080955C47D2A}.Debug|Any CPU.Build.0 = Debug|Any CPU
		{89915C27-E497-442B-88A6-080955C47D2A}.Debug|x64.ActiveCfg = Debug|Any CPU
		{89915C27-E497-442B-88A6-080955C47D2A}.Debug|x64.Build.0 = Debug|Any CPU
		{89915C27-E497-442B-88A6-080955C47D2A}.Debug|x86.ActiveCfg = Debug|Any CPU
		{89915C27-E497-442B-88A6-080955C47D2A}.Debug|x86.Build.0 = Debug|Any CPU
		{89915C27-E497-442B-88A6-080955C47D2A}.Release|Any CPU.ActiveCfg = Release|Any CPU
		{89915C27-E497-442B-88A6-080955C47D2A}.Release|Any CPU.Build.0 = Release|Any CPU
		{89915C27-E497-442B-88A6-080955C47D2A}.Release|x64.ActiveCfg = Release|Any CPU
		{89915C27-E497-442B-88A6-080955C47D2A}.Release|x64.Build.0 = Release|Any CPU
		{89915C27-E497-442B-88A6-080955C47D2A}.Release|x86.ActiveCfg = Release|Any CPU
		{89915C27-E497-442B-88A6-080955C47D2A}.Release|x86.Build.0 = Release|Any CPU
		{F87BE39B-5E30-4D8C-A536-40A301631599}.Debug|Any CPU.ActiveCfg = Debug|Any CPU
		{F87BE39B-5E30-4D8C-A536-40A301631599}.Debug|Any CPU.Build.0 = Debug|Any CPU
		{F87BE39B-5E30-4D8C-A536-40A301631599}.Debug|x64.ActiveCfg = Debug|Any CPU
		{F87BE39B-5E30-4D8C-A536-40A301631599}.Debug|x64.Build.0 = Debug|Any CPU
		{F87BE39B-5E30-4D8C-A536-40A301631599}.Debug|x86.ActiveCfg = Debug|Any CPU
		{F87BE39B-5E30-4D8C-A536-40A301631599}.Debug|x86.Build.0 = Debug|Any CPU
		{F87BE39B-5E30-4D8C-A536-40A301631599}.Release|Any CPU.ActiveCfg = Release|Any CPU
		{F87BE39B-5E30-4D8C-A536-40A301631599}.Release|Any CPU.Build.0 = Release|Any CPU
		{F87BE39B-5E30-4D8C-A536-40A301631599}.Release|x64.ActiveCfg = Release|Any CPU
		{F87BE39B-5E30-4D8C-A536-40A301631599}.Release|x64.Build.0 = Release|Any CPU
		{F87BE39B-5E30-4D8C-A536-40A301631599}.Release|x86.ActiveCfg = Release|Any CPU
		{F87BE39B-5E30-4D8C-A536-40A301631599}.Release|x86.Build.0 = Release|Any CPU
		{D258E9B3-93B4-42E8-95FA-BC2A13E5C2C5}.Debug|Any CPU.ActiveCfg = Debug|Any CPU
		{D258E9B3-93B4-42E8-95FA-BC2A13E5C2C5}.Debug|Any CPU.Build.0 = Debug|Any CPU
		{D258E9B3-93B4-42E8-95FA-BC2A13E5C2C5}.Debug|x64.ActiveCfg = Debug|Any CPU
		{D258E9B3-93B4-42E8-95FA-BC2A13E5C2C5}.Debug|x64.Build.0 = Debug|Any CPU
		{D258E9B3-93B4-42E8-95FA-BC2A13E5C2C5}.Debug|x86.ActiveCfg = Debug|Any CPU
		{D258E9B3-93B4-42E8-95FA-BC2A13E5C2C5}.Debug|x86.Build.0 = Debug|Any CPU
		{D258E9B3-93B4-42E8-95FA-BC2A13E5C2C5}.Release|Any CPU.ActiveCfg = Release|Any CPU
		{D258E9B3-93B4-42E8-95FA-BC2A13E5C2C5}.Release|Any CPU.Build.0 = Release|Any CPU
		{D258E9B3-93B4-42E8-95FA-BC2A13E5C2C5}.Release|x64.ActiveCfg = Release|Any CPU
		{D258E9B3-93B4-42E8-95FA-BC2A13E5C2C5}.Release|x64.Build.0 = Release|Any CPU
		{D258E9B3-93B4-42E8-95FA-BC2A13E5C2C5}.Release|x86.ActiveCfg = Release|Any CPU
		{D258E9B3-93B4-42E8-95FA-BC2A13E5C2C5}.Release|x86.Build.0 = Release|Any CPU
		{6141DA31-7ED6-4883-9088-3D4FAE8D58E8}.Debug|Any CPU.ActiveCfg = Debug|Any CPU
		{6141DA31-7ED6-4883-9088-3D4FAE8D58E8}.Debug|Any CPU.Build.0 = Debug|Any CPU
		{6141DA31-7ED6-4883-9088-3D4FAE8D58E8}.Debug|x64.ActiveCfg = Debug|Any CPU
		{6141DA31-7ED6-4883-9088-3D4FAE8D58E8}.Debug|x64.Build.0 = Debug|Any CPU
		{6141DA31-7ED6-4883-9088-3D4FAE8D58E8}.Debug|x86.ActiveCfg = Debug|Any CPU
		{6141DA31-7ED6-4883-9088-3D4FAE8D58E8}.Debug|x86.Build.0 = Debug|Any CPU
		{6141DA31-7ED6-4883-9088-3D4FAE8D58E8}.Release|Any CPU.ActiveCfg = Release|Any CPU
		{6141DA31-7ED6-4883-9088-3D4FAE8D58E8}.Release|Any CPU.Build.0 = Release|Any CPU
		{6141DA31-7ED6-4883-9088-3D4FAE8D58E8}.Release|x64.ActiveCfg = Release|Any CPU
		{6141DA31-7ED6-4883-9088-3D4FAE8D58E8}.Release|x64.Build.0 = Release|Any CPU
		{6141DA31-7ED6-4883-9088-3D4FAE8D58E8}.Release|x86.ActiveCfg = Release|Any CPU
		{6141DA31-7ED6-4883-9088-3D4FAE8D58E8}.Release|x86.Build.0 = Release|Any CPU
		{3F974B47-6E42-4446-B43B-4B164349C278}.Debug|Any CPU.ActiveCfg = Debug|Any CPU
		{3F974B47-6E42-4446-B43B-4B164349C278}.Debug|Any CPU.Build.0 = Debug|Any CPU
		{3F974B47-6E42-4446-B43B-4B164349C278}.Debug|x64.ActiveCfg = Debug|Any CPU
		{3F974B47-6E42-4446-B43B-4B164349C278}.Debug|x64.Build.0 = Debug|Any CPU
		{3F974B47-6E42-4446-B43B-4B164349C278}.Debug|x86.ActiveCfg = Debug|Any CPU
		{3F974B47-6E42-4446-B43B-4B164349C278}.Debug|x86.Build.0 = Debug|Any CPU
		{3F974B47-6E42-4446-B43B-4B164349C278}.Release|Any CPU.ActiveCfg = Release|Any CPU
		{3F974B47-6E42-4446-B43B-4B164349C278}.Release|Any CPU.Build.0 = Release|Any CPU
		{3F974B47-6E42-4446-B43B-4B164349C278}.Release|x64.ActiveCfg = Release|Any CPU
		{3F974B47-6E42-4446-B43B-4B164349C278}.Release|x64.Build.0 = Release|Any CPU
		{3F974B47-6E42-4446-B43B-4B164349C278}.Release|x86.ActiveCfg = Release|Any CPU
		{3F974B47-6E42-4446-B43B-4B164349C278}.Release|x86.Build.0 = Release|Any CPU
		{BF7B50C7-8368-4B5A-BDA3-8EA2062BCBD1}.Debug|Any CPU.ActiveCfg = Debug|Any CPU
		{BF7B50C7-8368-4B5A-BDA3-8EA2062BCBD1}.Debug|Any CPU.Build.0 = Debug|Any CPU
		{BF7B50C7-8368-4B5A-BDA3-8EA2062BCBD1}.Debug|x64.ActiveCfg = Debug|Any CPU
		{BF7B50C7-8368-4B5A-BDA3-8EA2062BCBD1}.Debug|x64.Build.0 = Debug|Any CPU
		{BF7B50C7-8368-4B5A-BDA3-8EA2062BCBD1}.Debug|x86.ActiveCfg = Debug|Any CPU
		{BF7B50C7-8368-4B5A-BDA3-8EA2062BCBD1}.Debug|x86.Build.0 = Debug|Any CPU
		{BF7B50C7-8368-4B5A-BDA3-8EA2062BCBD1}.Release|Any CPU.ActiveCfg = Release|Any CPU
		{BF7B50C7-8368-4B5A-BDA3-8EA2062BCBD1}.Release|Any CPU.Build.0 = Release|Any CPU
		{BF7B50C7-8368-4B5A-BDA3-8EA2062BCBD1}.Release|x64.ActiveCfg = Release|Any CPU
		{BF7B50C7-8368-4B5A-BDA3-8EA2062BCBD1}.Release|x64.Build.0 = Release|Any CPU
		{BF7B50C7-8368-4B5A-BDA3-8EA2062BCBD1}.Release|x86.ActiveCfg = Release|Any CPU
		{BF7B50C7-8368-4B5A-BDA3-8EA2062BCBD1}.Release|x86.Build.0 = Release|Any CPU
		{1BD067A8-FBC7-46CC-AC64-55C06550A3C4}.Debug|Any CPU.ActiveCfg = Debug|Any CPU
		{1BD067A8-FBC7-46CC-AC64-55C06550A3C4}.Debug|Any CPU.Build.0 = Debug|Any CPU
		{1BD067A8-FBC7-46CC-AC64-55C06550A3C4}.Debug|x64.ActiveCfg = Debug|Any CPU
		{1BD067A8-FBC7-46CC-AC64-55C06550A3C4}.Debug|x64.Build.0 = Debug|Any CPU
		{1BD067A8-FBC7-46CC-AC64-55C06550A3C4}.Debug|x86.ActiveCfg = Debug|Any CPU
		{1BD067A8-FBC7-46CC-AC64-55C06550A3C4}.Debug|x86.Build.0 = Debug|Any CPU
		{1BD067A8-FBC7-46CC-AC64-55C06550A3C4}.Release|Any CPU.ActiveCfg = Release|Any CPU
		{1BD067A8-FBC7-46CC-AC64-55C06550A3C4}.Release|Any CPU.Build.0 = Release|Any CPU
		{1BD067A8-FBC7-46CC-AC64-55C06550A3C4}.Release|x64.ActiveCfg = Release|Any CPU
		{1BD067A8-FBC7-46CC-AC64-55C06550A3C4}.Release|x64.Build.0 = Release|Any CPU
		{1BD067A8-FBC7-46CC-AC64-55C06550A3C4}.Release|x86.ActiveCfg = Release|Any CPU
		{1BD067A8-FBC7-46CC-AC64-55C06550A3C4}.Release|x86.Build.0 = Release|Any CPU
		{C8BA4FA2-9BDF-4E6F-85F5-B68838EC4DD8}.Debug|Any CPU.ActiveCfg = Debug|Any CPU
		{C8BA4FA2-9BDF-4E6F-85F5-B68838EC4DD8}.Debug|Any CPU.Build.0 = Debug|Any CPU
		{C8BA4FA2-9BDF-4E6F-85F5-B68838EC4DD8}.Debug|x64.ActiveCfg = Debug|Any CPU
		{C8BA4FA2-9BDF-4E6F-85F5-B68838EC4DD8}.Debug|x64.Build.0 = Debug|Any CPU
		{C8BA4FA2-9BDF-4E6F-85F5-B68838EC4DD8}.Debug|x86.ActiveCfg = Debug|Any CPU
		{C8BA4FA2-9BDF-4E6F-85F5-B68838EC4DD8}.Debug|x86.Build.0 = Debug|Any CPU
		{C8BA4FA2-9BDF-4E6F-85F5-B68838EC4DD8}.Release|Any CPU.ActiveCfg = Release|Any CPU
		{C8BA4FA2-9BDF-4E6F-85F5-B68838EC4DD8}.Release|Any CPU.Build.0 = Release|Any CPU
		{C8BA4FA2-9BDF-4E6F-85F5-B68838EC4DD8}.Release|x64.ActiveCfg = Release|Any CPU
		{C8BA4FA2-9BDF-4E6F-85F5-B68838EC4DD8}.Release|x64.Build.0 = Release|Any CPU
		{C8BA4FA2-9BDF-4E6F-85F5-B68838EC4DD8}.Release|x86.ActiveCfg = Release|Any CPU
		{C8BA4FA2-9BDF-4E6F-85F5-B68838EC4DD8}.Release|x86.Build.0 = Release|Any CPU
		{FD46654B-D29D-40C6-9DB0-8E6FDE71C3CC}.Debug|Any CPU.ActiveCfg = Debug|Any CPU
		{FD46654B-D29D-40C6-9DB0-8E6FDE71C3CC}.Debug|Any CPU.Build.0 = Debug|Any CPU
		{FD46654B-D29D-40C6-9DB0-8E6FDE71C3CC}.Debug|x64.ActiveCfg = Debug|Any CPU
		{FD46654B-D29D-40C6-9DB0-8E6FDE71C3CC}.Debug|x64.Build.0 = Debug|Any CPU
		{FD46654B-D29D-40C6-9DB0-8E6FDE71C3CC}.Debug|x86.ActiveCfg = Debug|Any CPU
		{FD46654B-D29D-40C6-9DB0-8E6FDE71C3CC}.Debug|x86.Build.0 = Debug|Any CPU
		{FD46654B-D29D-40C6-9DB0-8E6FDE71C3CC}.Release|Any CPU.ActiveCfg = Release|Any CPU
		{FD46654B-D29D-40C6-9DB0-8E6FDE71C3CC}.Release|Any CPU.Build.0 = Release|Any CPU
		{FD46654B-D29D-40C6-9DB0-8E6FDE71C3CC}.Release|x64.ActiveCfg = Release|Any CPU
		{FD46654B-D29D-40C6-9DB0-8E6FDE71C3CC}.Release|x64.Build.0 = Release|Any CPU
		{FD46654B-D29D-40C6-9DB0-8E6FDE71C3CC}.Release|x86.ActiveCfg = Release|Any CPU
		{FD46654B-D29D-40C6-9DB0-8E6FDE71C3CC}.Release|x86.Build.0 = Release|Any CPU
		{32BD76EB-3B12-4A3F-AC55-33A52081ABA4}.Debug|Any CPU.ActiveCfg = Debug|Any CPU
		{32BD76EB-3B12-4A3F-AC55-33A52081ABA4}.Debug|Any CPU.Build.0 = Debug|Any CPU
		{32BD76EB-3B12-4A3F-AC55-33A52081ABA4}.Debug|x64.ActiveCfg = Debug|Any CPU
		{32BD76EB-3B12-4A3F-AC55-33A52081ABA4}.Debug|x64.Build.0 = Debug|Any CPU
		{32BD76EB-3B12-4A3F-AC55-33A52081ABA4}.Debug|x86.ActiveCfg = Debug|Any CPU
		{32BD76EB-3B12-4A3F-AC55-33A52081ABA4}.Debug|x86.Build.0 = Debug|Any CPU
		{32BD76EB-3B12-4A3F-AC55-33A52081ABA4}.Release|Any CPU.ActiveCfg = Release|Any CPU
		{32BD76EB-3B12-4A3F-AC55-33A52081ABA4}.Release|Any CPU.Build.0 = Release|Any CPU
		{32BD76EB-3B12-4A3F-AC55-33A52081ABA4}.Release|x64.ActiveCfg = Release|Any CPU
		{32BD76EB-3B12-4A3F-AC55-33A52081ABA4}.Release|x64.Build.0 = Release|Any CPU
		{32BD76EB-3B12-4A3F-AC55-33A52081ABA4}.Release|x86.ActiveCfg = Release|Any CPU
		{32BD76EB-3B12-4A3F-AC55-33A52081ABA4}.Release|x86.Build.0 = Release|Any CPU
		{E0EA1E4A-7409-4F44-8A21-43B1C72ED479}.Debug|Any CPU.ActiveCfg = Debug|Any CPU
		{E0EA1E4A-7409-4F44-8A21-43B1C72ED479}.Debug|Any CPU.Build.0 = Debug|Any CPU
		{E0EA1E4A-7409-4F44-8A21-43B1C72ED479}.Debug|x64.ActiveCfg = Debug|Any CPU
		{E0EA1E4A-7409-4F44-8A21-43B1C72ED479}.Debug|x64.Build.0 = Debug|Any CPU
		{E0EA1E4A-7409-4F44-8A21-43B1C72ED479}.Debug|x86.ActiveCfg = Debug|Any CPU
		{E0EA1E4A-7409-4F44-8A21-43B1C72ED479}.Debug|x86.Build.0 = Debug|Any CPU
		{E0EA1E4A-7409-4F44-8A21-43B1C72ED479}.Release|Any CPU.ActiveCfg = Release|Any CPU
		{E0EA1E4A-7409-4F44-8A21-43B1C72ED479}.Release|Any CPU.Build.0 = Release|Any CPU
		{E0EA1E4A-7409-4F44-8A21-43B1C72ED479}.Release|x64.ActiveCfg = Release|Any CPU
		{E0EA1E4A-7409-4F44-8A21-43B1C72ED479}.Release|x64.Build.0 = Release|Any CPU
		{E0EA1E4A-7409-4F44-8A21-43B1C72ED479}.Release|x86.ActiveCfg = Release|Any CPU
		{E0EA1E4A-7409-4F44-8A21-43B1C72ED479}.Release|x86.Build.0 = Release|Any CPU
		{EF36FAD3-8C3E-4EE4-A8DD-6CE79CAD6C67}.Debug|Any CPU.ActiveCfg = Debug|Any CPU
		{EF36FAD3-8C3E-4EE4-A8DD-6CE79CAD6C67}.Debug|Any CPU.Build.0 = Debug|Any CPU
		{EF36FAD3-8C3E-4EE4-A8DD-6CE79CAD6C67}.Debug|x64.ActiveCfg = Debug|Any CPU
		{EF36FAD3-8C3E-4EE4-A8DD-6CE79CAD6C67}.Debug|x64.Build.0 = Debug|Any CPU
		{EF36FAD3-8C3E-4EE4-A8DD-6CE79CAD6C67}.Debug|x86.ActiveCfg = Debug|Any CPU
		{EF36FAD3-8C3E-4EE4-A8DD-6CE79CAD6C67}.Debug|x86.Build.0 = Debug|Any CPU
		{EF36FAD3-8C3E-4EE4-A8DD-6CE79CAD6C67}.Release|Any CPU.ActiveCfg = Release|Any CPU
		{EF36FAD3-8C3E-4EE4-A8DD-6CE79CAD6C67}.Release|Any CPU.Build.0 = Release|Any CPU
		{EF36FAD3-8C3E-4EE4-A8DD-6CE79CAD6C67}.Release|x64.ActiveCfg = Release|Any CPU
		{EF36FAD3-8C3E-4EE4-A8DD-6CE79CAD6C67}.Release|x64.Build.0 = Release|Any CPU
		{EF36FAD3-8C3E-4EE4-A8DD-6CE79CAD6C67}.Release|x86.ActiveCfg = Release|Any CPU
		{EF36FAD3-8C3E-4EE4-A8DD-6CE79CAD6C67}.Release|x86.Build.0 = Release|Any CPU
		{24F05DC7-A65C-48CA-9BD7-22F383A40A6E}.Debug|Any CPU.ActiveCfg = Debug|Any CPU
		{24F05DC7-A65C-48CA-9BD7-22F383A40A6E}.Debug|Any CPU.Build.0 = Debug|Any CPU
		{24F05DC7-A65C-48CA-9BD7-22F383A40A6E}.Debug|x64.ActiveCfg = Debug|Any CPU
		{24F05DC7-A65C-48CA-9BD7-22F383A40A6E}.Debug|x64.Build.0 = Debug|Any CPU
		{24F05DC7-A65C-48CA-9BD7-22F383A40A6E}.Debug|x86.ActiveCfg = Debug|Any CPU
		{24F05DC7-A65C-48CA-9BD7-22F383A40A6E}.Debug|x86.Build.0 = Debug|Any CPU
		{24F05DC7-A65C-48CA-9BD7-22F383A40A6E}.Release|Any CPU.ActiveCfg = Release|Any CPU
		{24F05DC7-A65C-48CA-9BD7-22F383A40A6E}.Release|Any CPU.Build.0 = Release|Any CPU
		{24F05DC7-A65C-48CA-9BD7-22F383A40A6E}.Release|x64.ActiveCfg = Release|Any CPU
		{24F05DC7-A65C-48CA-9BD7-22F383A40A6E}.Release|x64.Build.0 = Release|Any CPU
		{24F05DC7-A65C-48CA-9BD7-22F383A40A6E}.Release|x86.ActiveCfg = Release|Any CPU
		{24F05DC7-A65C-48CA-9BD7-22F383A40A6E}.Release|x86.Build.0 = Release|Any CPU
		{911C0EAA-8C7E-4CD6-8DA5-6C457B4C92C1}.Debug|Any CPU.ActiveCfg = Debug|Any CPU
		{911C0EAA-8C7E-4CD6-8DA5-6C457B4C92C1}.Debug|Any CPU.Build.0 = Debug|Any CPU
		{911C0EAA-8C7E-4CD6-8DA5-6C457B4C92C1}.Debug|x64.ActiveCfg = Debug|Any CPU
		{911C0EAA-8C7E-4CD6-8DA5-6C457B4C92C1}.Debug|x64.Build.0 = Debug|Any CPU
		{911C0EAA-8C7E-4CD6-8DA5-6C457B4C92C1}.Debug|x86.ActiveCfg = Debug|Any CPU
		{911C0EAA-8C7E-4CD6-8DA5-6C457B4C92C1}.Debug|x86.Build.0 = Debug|Any CPU
		{911C0EAA-8C7E-4CD6-8DA5-6C457B4C92C1}.Release|Any CPU.ActiveCfg = Release|Any CPU
		{911C0EAA-8C7E-4CD6-8DA5-6C457B4C92C1}.Release|Any CPU.Build.0 = Release|Any CPU
		{911C0EAA-8C7E-4CD6-8DA5-6C457B4C92C1}.Release|x64.ActiveCfg = Release|Any CPU
		{911C0EAA-8C7E-4CD6-8DA5-6C457B4C92C1}.Release|x64.Build.0 = Release|Any CPU
		{911C0EAA-8C7E-4CD6-8DA5-6C457B4C92C1}.Release|x86.ActiveCfg = Release|Any CPU
		{911C0EAA-8C7E-4CD6-8DA5-6C457B4C92C1}.Release|x86.Build.0 = Release|Any CPU
		{9634C14A-5E5B-4554-9543-6F8894632ED1}.Debug|Any CPU.ActiveCfg = Debug|Any CPU
		{9634C14A-5E5B-4554-9543-6F8894632ED1}.Debug|Any CPU.Build.0 = Debug|Any CPU
		{9634C14A-5E5B-4554-9543-6F8894632ED1}.Debug|x64.ActiveCfg = Debug|Any CPU
		{9634C14A-5E5B-4554-9543-6F8894632ED1}.Debug|x64.Build.0 = Debug|Any CPU
		{9634C14A-5E5B-4554-9543-6F8894632ED1}.Debug|x86.ActiveCfg = Debug|Any CPU
		{9634C14A-5E5B-4554-9543-6F8894632ED1}.Debug|x86.Build.0 = Debug|Any CPU
		{9634C14A-5E5B-4554-9543-6F8894632ED1}.Release|Any CPU.ActiveCfg = Release|Any CPU
		{9634C14A-5E5B-4554-9543-6F8894632ED1}.Release|Any CPU.Build.0 = Release|Any CPU
		{9634C14A-5E5B-4554-9543-6F8894632ED1}.Release|x64.ActiveCfg = Release|Any CPU
		{9634C14A-5E5B-4554-9543-6F8894632ED1}.Release|x64.Build.0 = Release|Any CPU
		{9634C14A-5E5B-4554-9543-6F8894632ED1}.Release|x86.ActiveCfg = Release|Any CPU
		{9634C14A-5E5B-4554-9543-6F8894632ED1}.Release|x86.Build.0 = Release|Any CPU
		{B6A1BE7C-ABA6-485E-A726-6CF17BF70B27}.Debug|Any CPU.ActiveCfg = Debug|Any CPU
		{B6A1BE7C-ABA6-485E-A726-6CF17BF70B27}.Debug|Any CPU.Build.0 = Debug|Any CPU
		{B6A1BE7C-ABA6-485E-A726-6CF17BF70B27}.Debug|x64.ActiveCfg = Debug|Any CPU
		{B6A1BE7C-ABA6-485E-A726-6CF17BF70B27}.Debug|x64.Build.0 = Debug|Any CPU
		{B6A1BE7C-ABA6-485E-A726-6CF17BF70B27}.Debug|x86.ActiveCfg = Debug|Any CPU
		{B6A1BE7C-ABA6-485E-A726-6CF17BF70B27}.Debug|x86.Build.0 = Debug|Any CPU
		{B6A1BE7C-ABA6-485E-A726-6CF17BF70B27}.Release|Any CPU.ActiveCfg = Release|Any CPU
		{B6A1BE7C-ABA6-485E-A726-6CF17BF70B27}.Release|Any CPU.Build.0 = Release|Any CPU
		{B6A1BE7C-ABA6-485E-A726-6CF17BF70B27}.Release|x64.ActiveCfg = Release|Any CPU
		{B6A1BE7C-ABA6-485E-A726-6CF17BF70B27}.Release|x64.Build.0 = Release|Any CPU
		{B6A1BE7C-ABA6-485E-A726-6CF17BF70B27}.Release|x86.ActiveCfg = Release|Any CPU
		{B6A1BE7C-ABA6-485E-A726-6CF17BF70B27}.Release|x86.Build.0 = Release|Any CPU
		{912D5ECB-D444-4AC4-9C22-89D7F7703D40}.Debug|Any CPU.ActiveCfg = Debug|Any CPU
		{912D5ECB-D444-4AC4-9C22-89D7F7703D40}.Debug|Any CPU.Build.0 = Debug|Any CPU
		{912D5ECB-D444-4AC4-9C22-89D7F7703D40}.Debug|x64.ActiveCfg = Debug|Any CPU
		{912D5ECB-D444-4AC4-9C22-89D7F7703D40}.Debug|x64.Build.0 = Debug|Any CPU
		{912D5ECB-D444-4AC4-9C22-89D7F7703D40}.Debug|x86.ActiveCfg = Debug|Any CPU
		{912D5ECB-D444-4AC4-9C22-89D7F7703D40}.Debug|x86.Build.0 = Debug|Any CPU
		{912D5ECB-D444-4AC4-9C22-89D7F7703D40}.Release|Any CPU.ActiveCfg = Release|Any CPU
		{912D5ECB-D444-4AC4-9C22-89D7F7703D40}.Release|Any CPU.Build.0 = Release|Any CPU
		{912D5ECB-D444-4AC4-9C22-89D7F7703D40}.Release|x64.ActiveCfg = Release|Any CPU
		{912D5ECB-D444-4AC4-9C22-89D7F7703D40}.Release|x64.Build.0 = Release|Any CPU
		{912D5ECB-D444-4AC4-9C22-89D7F7703D40}.Release|x86.ActiveCfg = Release|Any CPU
		{912D5ECB-D444-4AC4-9C22-89D7F7703D40}.Release|x86.Build.0 = Release|Any CPU
		{D398F8E3-7BEE-4DBC-82FB-CAB5E6AA25F9}.Debug|Any CPU.ActiveCfg = Debug|Any CPU
		{D398F8E3-7BEE-4DBC-82FB-CAB5E6AA25F9}.Debug|Any CPU.Build.0 = Debug|Any CPU
		{D398F8E3-7BEE-4DBC-82FB-CAB5E6AA25F9}.Debug|x64.ActiveCfg = Debug|Any CPU
		{D398F8E3-7BEE-4DBC-82FB-CAB5E6AA25F9}.Debug|x64.Build.0 = Debug|Any CPU
		{D398F8E3-7BEE-4DBC-82FB-CAB5E6AA25F9}.Debug|x86.ActiveCfg = Debug|Any CPU
		{D398F8E3-7BEE-4DBC-82FB-CAB5E6AA25F9}.Debug|x86.Build.0 = Debug|Any CPU
		{D398F8E3-7BEE-4DBC-82FB-CAB5E6AA25F9}.Release|Any CPU.ActiveCfg = Release|Any CPU
		{D398F8E3-7BEE-4DBC-82FB-CAB5E6AA25F9}.Release|Any CPU.Build.0 = Release|Any CPU
		{D398F8E3-7BEE-4DBC-82FB-CAB5E6AA25F9}.Release|x64.ActiveCfg = Release|Any CPU
		{D398F8E3-7BEE-4DBC-82FB-CAB5E6AA25F9}.Release|x64.Build.0 = Release|Any CPU
		{D398F8E3-7BEE-4DBC-82FB-CAB5E6AA25F9}.Release|x86.ActiveCfg = Release|Any CPU
		{D398F8E3-7BEE-4DBC-82FB-CAB5E6AA25F9}.Release|x86.Build.0 = Release|Any CPU
		{328DC691-7058-43E3-9AE7-86D66E389B2D}.Debug|Any CPU.ActiveCfg = Debug|Any CPU
		{328DC691-7058-43E3-9AE7-86D66E389B2D}.Debug|Any CPU.Build.0 = Debug|Any CPU
		{328DC691-7058-43E3-9AE7-86D66E389B2D}.Debug|x64.ActiveCfg = Debug|Any CPU
		{328DC691-7058-43E3-9AE7-86D66E389B2D}.Debug|x64.Build.0 = Debug|Any CPU
		{328DC691-7058-43E3-9AE7-86D66E389B2D}.Debug|x86.ActiveCfg = Debug|Any CPU
		{328DC691-7058-43E3-9AE7-86D66E389B2D}.Debug|x86.Build.0 = Debug|Any CPU
		{328DC691-7058-43E3-9AE7-86D66E389B2D}.Release|Any CPU.ActiveCfg = Release|Any CPU
		{328DC691-7058-43E3-9AE7-86D66E389B2D}.Release|Any CPU.Build.0 = Release|Any CPU
		{328DC691-7058-43E3-9AE7-86D66E389B2D}.Release|x64.ActiveCfg = Release|Any CPU
		{328DC691-7058-43E3-9AE7-86D66E389B2D}.Release|x64.Build.0 = Release|Any CPU
		{328DC691-7058-43E3-9AE7-86D66E389B2D}.Release|x86.ActiveCfg = Release|Any CPU
		{328DC691-7058-43E3-9AE7-86D66E389B2D}.Release|x86.Build.0 = Release|Any CPU
		{43428DBD-F94D-4F97-93F3-6EFD7F088AE5}.Debug|Any CPU.ActiveCfg = Debug|Any CPU
		{43428DBD-F94D-4F97-93F3-6EFD7F088AE5}.Debug|Any CPU.Build.0 = Debug|Any CPU
		{43428DBD-F94D-4F97-93F3-6EFD7F088AE5}.Debug|x64.ActiveCfg = Debug|Any CPU
		{43428DBD-F94D-4F97-93F3-6EFD7F088AE5}.Debug|x64.Build.0 = Debug|Any CPU
		{43428DBD-F94D-4F97-93F3-6EFD7F088AE5}.Debug|x86.ActiveCfg = Debug|Any CPU
		{43428DBD-F94D-4F97-93F3-6EFD7F088AE5}.Debug|x86.Build.0 = Debug|Any CPU
		{43428DBD-F94D-4F97-93F3-6EFD7F088AE5}.Release|Any CPU.ActiveCfg = Release|Any CPU
		{43428DBD-F94D-4F97-93F3-6EFD7F088AE5}.Release|Any CPU.Build.0 = Release|Any CPU
		{43428DBD-F94D-4F97-93F3-6EFD7F088AE5}.Release|x64.ActiveCfg = Release|Any CPU
		{43428DBD-F94D-4F97-93F3-6EFD7F088AE5}.Release|x64.Build.0 = Release|Any CPU
		{43428DBD-F94D-4F97-93F3-6EFD7F088AE5}.Release|x86.ActiveCfg = Release|Any CPU
		{43428DBD-F94D-4F97-93F3-6EFD7F088AE5}.Release|x86.Build.0 = Release|Any CPU
		{32E83C14-DD52-4841-9AAF-4C9F5BBA314A}.Debug|Any CPU.ActiveCfg = Debug|Any CPU
		{32E83C14-DD52-4841-9AAF-4C9F5BBA314A}.Debug|Any CPU.Build.0 = Debug|Any CPU
		{32E83C14-DD52-4841-9AAF-4C9F5BBA314A}.Debug|x64.ActiveCfg = Debug|Any CPU
		{32E83C14-DD52-4841-9AAF-4C9F5BBA314A}.Debug|x64.Build.0 = Debug|Any CPU
		{32E83C14-DD52-4841-9AAF-4C9F5BBA314A}.Debug|x86.ActiveCfg = Debug|Any CPU
		{32E83C14-DD52-4841-9AAF-4C9F5BBA314A}.Debug|x86.Build.0 = Debug|Any CPU
		{32E83C14-DD52-4841-9AAF-4C9F5BBA314A}.Release|Any CPU.ActiveCfg = Release|Any CPU
		{32E83C14-DD52-4841-9AAF-4C9F5BBA314A}.Release|Any CPU.Build.0 = Release|Any CPU
		{32E83C14-DD52-4841-9AAF-4C9F5BBA314A}.Release|x64.ActiveCfg = Release|Any CPU
		{32E83C14-DD52-4841-9AAF-4C9F5BBA314A}.Release|x64.Build.0 = Release|Any CPU
		{32E83C14-DD52-4841-9AAF-4C9F5BBA314A}.Release|x86.ActiveCfg = Release|Any CPU
		{32E83C14-DD52-4841-9AAF-4C9F5BBA314A}.Release|x86.Build.0 = Release|Any CPU
		{58939C55-71E0-476F-98FC-A6A384855532}.Debug|Any CPU.ActiveCfg = Debug|Any CPU
		{58939C55-71E0-476F-98FC-A6A384855532}.Debug|Any CPU.Build.0 = Debug|Any CPU
		{58939C55-71E0-476F-98FC-A6A384855532}.Debug|x64.ActiveCfg = Debug|Any CPU
		{58939C55-71E0-476F-98FC-A6A384855532}.Debug|x64.Build.0 = Debug|Any CPU
		{58939C55-71E0-476F-98FC-A6A384855532}.Debug|x86.ActiveCfg = Debug|Any CPU
		{58939C55-71E0-476F-98FC-A6A384855532}.Debug|x86.Build.0 = Debug|Any CPU
		{58939C55-71E0-476F-98FC-A6A384855532}.Release|Any CPU.ActiveCfg = Release|Any CPU
		{58939C55-71E0-476F-98FC-A6A384855532}.Release|Any CPU.Build.0 = Release|Any CPU
		{58939C55-71E0-476F-98FC-A6A384855532}.Release|x64.ActiveCfg = Release|Any CPU
		{58939C55-71E0-476F-98FC-A6A384855532}.Release|x64.Build.0 = Release|Any CPU
		{58939C55-71E0-476F-98FC-A6A384855532}.Release|x86.ActiveCfg = Release|Any CPU
		{58939C55-71E0-476F-98FC-A6A384855532}.Release|x86.Build.0 = Release|Any CPU
		{3A49D43E-299B-403B-89AC-4B0C2D93C845}.Debug|Any CPU.ActiveCfg = Debug|Any CPU
		{3A49D43E-299B-403B-89AC-4B0C2D93C845}.Debug|Any CPU.Build.0 = Debug|Any CPU
		{3A49D43E-299B-403B-89AC-4B0C2D93C845}.Debug|x64.ActiveCfg = Debug|Any CPU
		{3A49D43E-299B-403B-89AC-4B0C2D93C845}.Debug|x64.Build.0 = Debug|Any CPU
		{3A49D43E-299B-403B-89AC-4B0C2D93C845}.Debug|x86.ActiveCfg = Debug|Any CPU
		{3A49D43E-299B-403B-89AC-4B0C2D93C845}.Debug|x86.Build.0 = Debug|Any CPU
		{3A49D43E-299B-403B-89AC-4B0C2D93C845}.Release|Any CPU.ActiveCfg = Release|Any CPU
		{3A49D43E-299B-403B-89AC-4B0C2D93C845}.Release|Any CPU.Build.0 = Release|Any CPU
		{3A49D43E-299B-403B-89AC-4B0C2D93C845}.Release|x64.ActiveCfg = Release|Any CPU
		{3A49D43E-299B-403B-89AC-4B0C2D93C845}.Release|x64.Build.0 = Release|Any CPU
		{3A49D43E-299B-403B-89AC-4B0C2D93C845}.Release|x86.ActiveCfg = Release|Any CPU
		{3A49D43E-299B-403B-89AC-4B0C2D93C845}.Release|x86.Build.0 = Release|Any CPU
		{F86369EB-3979-4651-AF1A-215FE82555E0}.Debug|Any CPU.ActiveCfg = Debug|Any CPU
		{F86369EB-3979-4651-AF1A-215FE82555E0}.Debug|Any CPU.Build.0 = Debug|Any CPU
		{F86369EB-3979-4651-AF1A-215FE82555E0}.Debug|x64.ActiveCfg = Debug|Any CPU
		{F86369EB-3979-4651-AF1A-215FE82555E0}.Debug|x64.Build.0 = Debug|Any CPU
		{F86369EB-3979-4651-AF1A-215FE82555E0}.Debug|x86.ActiveCfg = Debug|Any CPU
		{F86369EB-3979-4651-AF1A-215FE82555E0}.Debug|x86.Build.0 = Debug|Any CPU
		{F86369EB-3979-4651-AF1A-215FE82555E0}.Release|Any CPU.ActiveCfg = Release|Any CPU
		{F86369EB-3979-4651-AF1A-215FE82555E0}.Release|Any CPU.Build.0 = Release|Any CPU
		{F86369EB-3979-4651-AF1A-215FE82555E0}.Release|x64.ActiveCfg = Release|Any CPU
		{F86369EB-3979-4651-AF1A-215FE82555E0}.Release|x64.Build.0 = Release|Any CPU
		{F86369EB-3979-4651-AF1A-215FE82555E0}.Release|x86.ActiveCfg = Release|Any CPU
		{F86369EB-3979-4651-AF1A-215FE82555E0}.Release|x86.Build.0 = Release|Any CPU
		{350B37A1-C40C-4B76-8FC1-906A99C40666}.Debug|Any CPU.ActiveCfg = Debug|Any CPU
		{350B37A1-C40C-4B76-8FC1-906A99C40666}.Debug|Any CPU.Build.0 = Debug|Any CPU
		{350B37A1-C40C-4B76-8FC1-906A99C40666}.Debug|x64.ActiveCfg = Debug|Any CPU
		{350B37A1-C40C-4B76-8FC1-906A99C40666}.Debug|x64.Build.0 = Debug|Any CPU
		{350B37A1-C40C-4B76-8FC1-906A99C40666}.Debug|x86.ActiveCfg = Debug|Any CPU
		{350B37A1-C40C-4B76-8FC1-906A99C40666}.Debug|x86.Build.0 = Debug|Any CPU
		{350B37A1-C40C-4B76-8FC1-906A99C40666}.Release|Any CPU.ActiveCfg = Release|Any CPU
		{350B37A1-C40C-4B76-8FC1-906A99C40666}.Release|Any CPU.Build.0 = Release|Any CPU
		{350B37A1-C40C-4B76-8FC1-906A99C40666}.Release|x64.ActiveCfg = Release|Any CPU
		{350B37A1-C40C-4B76-8FC1-906A99C40666}.Release|x64.Build.0 = Release|Any CPU
		{350B37A1-C40C-4B76-8FC1-906A99C40666}.Release|x86.ActiveCfg = Release|Any CPU
		{350B37A1-C40C-4B76-8FC1-906A99C40666}.Release|x86.Build.0 = Release|Any CPU
		{17148DF8-1946-474A-9FC8-CF25CD3285C8}.Debug|Any CPU.ActiveCfg = Debug|Any CPU
		{17148DF8-1946-474A-9FC8-CF25CD3285C8}.Debug|Any CPU.Build.0 = Debug|Any CPU
		{17148DF8-1946-474A-9FC8-CF25CD3285C8}.Debug|x64.ActiveCfg = Debug|Any CPU
		{17148DF8-1946-474A-9FC8-CF25CD3285C8}.Debug|x64.Build.0 = Debug|Any CPU
		{17148DF8-1946-474A-9FC8-CF25CD3285C8}.Debug|x86.ActiveCfg = Debug|Any CPU
		{17148DF8-1946-474A-9FC8-CF25CD3285C8}.Debug|x86.Build.0 = Debug|Any CPU
		{17148DF8-1946-474A-9FC8-CF25CD3285C8}.Release|Any CPU.ActiveCfg = Release|Any CPU
		{17148DF8-1946-474A-9FC8-CF25CD3285C8}.Release|Any CPU.Build.0 = Release|Any CPU
		{17148DF8-1946-474A-9FC8-CF25CD3285C8}.Release|x64.ActiveCfg = Release|Any CPU
		{17148DF8-1946-474A-9FC8-CF25CD3285C8}.Release|x64.Build.0 = Release|Any CPU
		{17148DF8-1946-474A-9FC8-CF25CD3285C8}.Release|x86.ActiveCfg = Release|Any CPU
		{17148DF8-1946-474A-9FC8-CF25CD3285C8}.Release|x86.Build.0 = Release|Any CPU
		{BA327B2D-F242-46FF-A909-7F1E57A2C7AE}.Debug|Any CPU.ActiveCfg = Debug|Any CPU
		{BA327B2D-F242-46FF-A909-7F1E57A2C7AE}.Debug|Any CPU.Build.0 = Debug|Any CPU
		{BA327B2D-F242-46FF-A909-7F1E57A2C7AE}.Debug|x64.ActiveCfg = Debug|Any CPU
		{BA327B2D-F242-46FF-A909-7F1E57A2C7AE}.Debug|x64.Build.0 = Debug|Any CPU
		{BA327B2D-F242-46FF-A909-7F1E57A2C7AE}.Debug|x86.ActiveCfg = Debug|Any CPU
		{BA327B2D-F242-46FF-A909-7F1E57A2C7AE}.Debug|x86.Build.0 = Debug|Any CPU
		{BA327B2D-F242-46FF-A909-7F1E57A2C7AE}.Release|Any CPU.ActiveCfg = Release|Any CPU
		{BA327B2D-F242-46FF-A909-7F1E57A2C7AE}.Release|Any CPU.Build.0 = Release|Any CPU
		{BA327B2D-F242-46FF-A909-7F1E57A2C7AE}.Release|x64.ActiveCfg = Release|Any CPU
		{BA327B2D-F242-46FF-A909-7F1E57A2C7AE}.Release|x64.Build.0 = Release|Any CPU
		{BA327B2D-F242-46FF-A909-7F1E57A2C7AE}.Release|x86.ActiveCfg = Release|Any CPU
		{BA327B2D-F242-46FF-A909-7F1E57A2C7AE}.Release|x86.Build.0 = Release|Any CPU
		{9858DBCB-EC55-4E1F-8839-1E52DEB23556}.Debug|Any CPU.ActiveCfg = Debug|Any CPU
		{9858DBCB-EC55-4E1F-8839-1E52DEB23556}.Debug|Any CPU.Build.0 = Debug|Any CPU
		{9858DBCB-EC55-4E1F-8839-1E52DEB23556}.Debug|x64.ActiveCfg = Debug|Any CPU
		{9858DBCB-EC55-4E1F-8839-1E52DEB23556}.Debug|x64.Build.0 = Debug|Any CPU
		{9858DBCB-EC55-4E1F-8839-1E52DEB23556}.Debug|x86.ActiveCfg = Debug|Any CPU
		{9858DBCB-EC55-4E1F-8839-1E52DEB23556}.Debug|x86.Build.0 = Debug|Any CPU
		{9858DBCB-EC55-4E1F-8839-1E52DEB23556}.Release|Any CPU.ActiveCfg = Release|Any CPU
		{9858DBCB-EC55-4E1F-8839-1E52DEB23556}.Release|Any CPU.Build.0 = Release|Any CPU
		{9858DBCB-EC55-4E1F-8839-1E52DEB23556}.Release|x64.ActiveCfg = Release|Any CPU
		{9858DBCB-EC55-4E1F-8839-1E52DEB23556}.Release|x64.Build.0 = Release|Any CPU
		{9858DBCB-EC55-4E1F-8839-1E52DEB23556}.Release|x86.ActiveCfg = Release|Any CPU
		{9858DBCB-EC55-4E1F-8839-1E52DEB23556}.Release|x86.Build.0 = Release|Any CPU
		{504513DB-43BC-435B-A79D-397228DAD1A8}.Debug|Any CPU.ActiveCfg = Debug|Any CPU
		{504513DB-43BC-435B-A79D-397228DAD1A8}.Debug|Any CPU.Build.0 = Debug|Any CPU
		{504513DB-43BC-435B-A79D-397228DAD1A8}.Debug|x64.ActiveCfg = Debug|Any CPU
		{504513DB-43BC-435B-A79D-397228DAD1A8}.Debug|x64.Build.0 = Debug|Any CPU
		{504513DB-43BC-435B-A79D-397228DAD1A8}.Debug|x86.ActiveCfg = Debug|Any CPU
		{504513DB-43BC-435B-A79D-397228DAD1A8}.Debug|x86.Build.0 = Debug|Any CPU
		{504513DB-43BC-435B-A79D-397228DAD1A8}.Release|Any CPU.ActiveCfg = Release|Any CPU
		{504513DB-43BC-435B-A79D-397228DAD1A8}.Release|Any CPU.Build.0 = Release|Any CPU
		{504513DB-43BC-435B-A79D-397228DAD1A8}.Release|x64.ActiveCfg = Release|Any CPU
		{504513DB-43BC-435B-A79D-397228DAD1A8}.Release|x64.Build.0 = Release|Any CPU
		{504513DB-43BC-435B-A79D-397228DAD1A8}.Release|x86.ActiveCfg = Release|Any CPU
		{504513DB-43BC-435B-A79D-397228DAD1A8}.Release|x86.Build.0 = Release|Any CPU
		{54EF5859-EC4E-4D83-887A-FF204B971CD5}.Debug|Any CPU.ActiveCfg = Debug|Any CPU
		{54EF5859-EC4E-4D83-887A-FF204B971CD5}.Debug|Any CPU.Build.0 = Debug|Any CPU
		{54EF5859-EC4E-4D83-887A-FF204B971CD5}.Debug|x64.ActiveCfg = Debug|Any CPU
		{54EF5859-EC4E-4D83-887A-FF204B971CD5}.Debug|x64.Build.0 = Debug|Any CPU
		{54EF5859-EC4E-4D83-887A-FF204B971CD5}.Debug|x86.ActiveCfg = Debug|Any CPU
		{54EF5859-EC4E-4D83-887A-FF204B971CD5}.Debug|x86.Build.0 = Debug|Any CPU
		{54EF5859-EC4E-4D83-887A-FF204B971CD5}.Release|Any CPU.ActiveCfg = Release|Any CPU
		{54EF5859-EC4E-4D83-887A-FF204B971CD5}.Release|Any CPU.Build.0 = Release|Any CPU
		{54EF5859-EC4E-4D83-887A-FF204B971CD5}.Release|x64.ActiveCfg = Release|Any CPU
		{54EF5859-EC4E-4D83-887A-FF204B971CD5}.Release|x64.Build.0 = Release|Any CPU
		{54EF5859-EC4E-4D83-887A-FF204B971CD5}.Release|x86.ActiveCfg = Release|Any CPU
		{54EF5859-EC4E-4D83-887A-FF204B971CD5}.Release|x86.Build.0 = Release|Any CPU
		{23AF8665-4671-4223-9CFE-A62B04AC9FAC}.Debug|Any CPU.ActiveCfg = Debug|Any CPU
		{23AF8665-4671-4223-9CFE-A62B04AC9FAC}.Debug|Any CPU.Build.0 = Debug|Any CPU
		{23AF8665-4671-4223-9CFE-A62B04AC9FAC}.Debug|x64.ActiveCfg = Debug|Any CPU
		{23AF8665-4671-4223-9CFE-A62B04AC9FAC}.Debug|x64.Build.0 = Debug|Any CPU
		{23AF8665-4671-4223-9CFE-A62B04AC9FAC}.Debug|x86.ActiveCfg = Debug|Any CPU
		{23AF8665-4671-4223-9CFE-A62B04AC9FAC}.Debug|x86.Build.0 = Debug|Any CPU
		{23AF8665-4671-4223-9CFE-A62B04AC9FAC}.Release|Any CPU.ActiveCfg = Release|Any CPU
		{23AF8665-4671-4223-9CFE-A62B04AC9FAC}.Release|Any CPU.Build.0 = Release|Any CPU
		{23AF8665-4671-4223-9CFE-A62B04AC9FAC}.Release|x64.ActiveCfg = Release|Any CPU
		{23AF8665-4671-4223-9CFE-A62B04AC9FAC}.Release|x64.Build.0 = Release|Any CPU
		{23AF8665-4671-4223-9CFE-A62B04AC9FAC}.Release|x86.ActiveCfg = Release|Any CPU
		{23AF8665-4671-4223-9CFE-A62B04AC9FAC}.Release|x86.Build.0 = Release|Any CPU
		{81842FFF-25D9-4904-9A04-E59932F19A79}.Debug|Any CPU.ActiveCfg = Debug|Any CPU
		{81842FFF-25D9-4904-9A04-E59932F19A79}.Debug|Any CPU.Build.0 = Debug|Any CPU
		{81842FFF-25D9-4904-9A04-E59932F19A79}.Debug|x64.ActiveCfg = Debug|Any CPU
		{81842FFF-25D9-4904-9A04-E59932F19A79}.Debug|x64.Build.0 = Debug|Any CPU
		{81842FFF-25D9-4904-9A04-E59932F19A79}.Debug|x86.ActiveCfg = Debug|Any CPU
		{81842FFF-25D9-4904-9A04-E59932F19A79}.Debug|x86.Build.0 = Debug|Any CPU
		{81842FFF-25D9-4904-9A04-E59932F19A79}.Release|Any CPU.ActiveCfg = Release|Any CPU
		{81842FFF-25D9-4904-9A04-E59932F19A79}.Release|Any CPU.Build.0 = Release|Any CPU
		{81842FFF-25D9-4904-9A04-E59932F19A79}.Release|x64.ActiveCfg = Release|Any CPU
		{81842FFF-25D9-4904-9A04-E59932F19A79}.Release|x64.Build.0 = Release|Any CPU
		{81842FFF-25D9-4904-9A04-E59932F19A79}.Release|x86.ActiveCfg = Release|Any CPU
		{81842FFF-25D9-4904-9A04-E59932F19A79}.Release|x86.Build.0 = Release|Any CPU
		{4659FA02-5C21-4528-8A6F-E66587268F42}.Debug|Any CPU.ActiveCfg = Debug|Any CPU
		{4659FA02-5C21-4528-8A6F-E66587268F42}.Debug|Any CPU.Build.0 = Debug|Any CPU
		{4659FA02-5C21-4528-8A6F-E66587268F42}.Debug|x64.ActiveCfg = Debug|Any CPU
		{4659FA02-5C21-4528-8A6F-E66587268F42}.Debug|x64.Build.0 = Debug|Any CPU
		{4659FA02-5C21-4528-8A6F-E66587268F42}.Debug|x86.ActiveCfg = Debug|Any CPU
		{4659FA02-5C21-4528-8A6F-E66587268F42}.Debug|x86.Build.0 = Debug|Any CPU
		{4659FA02-5C21-4528-8A6F-E66587268F42}.Release|Any CPU.ActiveCfg = Release|Any CPU
		{4659FA02-5C21-4528-8A6F-E66587268F42}.Release|Any CPU.Build.0 = Release|Any CPU
		{4659FA02-5C21-4528-8A6F-E66587268F42}.Release|x64.ActiveCfg = Release|Any CPU
		{4659FA02-5C21-4528-8A6F-E66587268F42}.Release|x64.Build.0 = Release|Any CPU
		{4659FA02-5C21-4528-8A6F-E66587268F42}.Release|x86.ActiveCfg = Release|Any CPU
		{4659FA02-5C21-4528-8A6F-E66587268F42}.Release|x86.Build.0 = Release|Any CPU
		{4C0EAF0A-64A2-40BF-AA1E-E7879635F80E}.Debug|Any CPU.ActiveCfg = Debug|Any CPU
		{4C0EAF0A-64A2-40BF-AA1E-E7879635F80E}.Debug|Any CPU.Build.0 = Debug|Any CPU
		{4C0EAF0A-64A2-40BF-AA1E-E7879635F80E}.Debug|x64.ActiveCfg = Debug|Any CPU
		{4C0EAF0A-64A2-40BF-AA1E-E7879635F80E}.Debug|x64.Build.0 = Debug|Any CPU
		{4C0EAF0A-64A2-40BF-AA1E-E7879635F80E}.Debug|x86.ActiveCfg = Debug|Any CPU
		{4C0EAF0A-64A2-40BF-AA1E-E7879635F80E}.Debug|x86.Build.0 = Debug|Any CPU
		{4C0EAF0A-64A2-40BF-AA1E-E7879635F80E}.Release|Any CPU.ActiveCfg = Release|Any CPU
		{4C0EAF0A-64A2-40BF-AA1E-E7879635F80E}.Release|Any CPU.Build.0 = Release|Any CPU
		{4C0EAF0A-64A2-40BF-AA1E-E7879635F80E}.Release|x64.ActiveCfg = Release|Any CPU
		{4C0EAF0A-64A2-40BF-AA1E-E7879635F80E}.Release|x64.Build.0 = Release|Any CPU
		{4C0EAF0A-64A2-40BF-AA1E-E7879635F80E}.Release|x86.ActiveCfg = Release|Any CPU
		{4C0EAF0A-64A2-40BF-AA1E-E7879635F80E}.Release|x86.Build.0 = Release|Any CPU
		{A125EED5-68FA-4F87-A2C4-66EA4EAEABEA}.Debug|Any CPU.ActiveCfg = Debug|Any CPU
		{A125EED5-68FA-4F87-A2C4-66EA4EAEABEA}.Debug|Any CPU.Build.0 = Debug|Any CPU
		{A125EED5-68FA-4F87-A2C4-66EA4EAEABEA}.Debug|x64.ActiveCfg = Debug|Any CPU
		{A125EED5-68FA-4F87-A2C4-66EA4EAEABEA}.Debug|x64.Build.0 = Debug|Any CPU
		{A125EED5-68FA-4F87-A2C4-66EA4EAEABEA}.Debug|x86.ActiveCfg = Debug|Any CPU
		{A125EED5-68FA-4F87-A2C4-66EA4EAEABEA}.Debug|x86.Build.0 = Debug|Any CPU
		{A125EED5-68FA-4F87-A2C4-66EA4EAEABEA}.Release|Any CPU.ActiveCfg = Release|Any CPU
		{A125EED5-68FA-4F87-A2C4-66EA4EAEABEA}.Release|Any CPU.Build.0 = Release|Any CPU
		{A125EED5-68FA-4F87-A2C4-66EA4EAEABEA}.Release|x64.ActiveCfg = Release|Any CPU
		{A125EED5-68FA-4F87-A2C4-66EA4EAEABEA}.Release|x64.Build.0 = Release|Any CPU
		{A125EED5-68FA-4F87-A2C4-66EA4EAEABEA}.Release|x86.ActiveCfg = Release|Any CPU
		{A125EED5-68FA-4F87-A2C4-66EA4EAEABEA}.Release|x86.Build.0 = Release|Any CPU
	EndGlobalSection
	GlobalSection(SolutionProperties) = preSolution
		HideSolutionNode = FALSE
	EndGlobalSection
	GlobalSection(NestedProjects) = preSolution
		{32015117-7E0F-44F8-AFB5-E21BFEE3D311} = {19DD4472-58C2-4F22-B101-3388C8ABD0FF}
		{01EADB82-5616-4C48-B525-7FD704BC21C5} = {19DD4472-58C2-4F22-B101-3388C8ABD0FF}
		{89915C27-E497-442B-88A6-080955C47D2A} = {19DD4472-58C2-4F22-B101-3388C8ABD0FF}
		{F87BE39B-5E30-4D8C-A536-40A301631599} = {19DD4472-58C2-4F22-B101-3388C8ABD0FF}
		{19DD4472-58C2-4F22-B101-3388C8ABD0FF} = {02EA681E-C7D8-13C7-8484-4AC65E1B71E8}
		{D258E9B3-93B4-42E8-95FA-BC2A13E5C2C5} = {3A7D5018-8F8A-4B21-A20B-6D13B828F112}
		{6141DA31-7ED6-4883-9088-3D4FAE8D58E8} = {19DD4472-58C2-4F22-B101-3388C8ABD0FF}
		{3F974B47-6E42-4446-B43B-4B164349C278} = {C05BF779-85D3-443E-9075-5AEE5C7D2161}
		{9B6E90DF-CE65-4E9A-A5DC-CD2F472042E6} = {02EA681E-C7D8-13C7-8484-4AC65E1B71E8}
		{BF7B50C7-8368-4B5A-BDA3-8EA2062BCBD1} = {9B6E90DF-CE65-4E9A-A5DC-CD2F472042E6}
		{1BD067A8-FBC7-46CC-AC64-55C06550A3C4} = {9B6E90DF-CE65-4E9A-A5DC-CD2F472042E6}
		{C8BA4FA2-9BDF-4E6F-85F5-B68838EC4DD8} = {9B6E90DF-CE65-4E9A-A5DC-CD2F472042E6}
		{FD46654B-D29D-40C6-9DB0-8E6FDE71C3CC} = {9B6E90DF-CE65-4E9A-A5DC-CD2F472042E6}
		{32BD76EB-3B12-4A3F-AC55-33A52081ABA4} = {9B6E90DF-CE65-4E9A-A5DC-CD2F472042E6}
		{4670E6BF-9CEC-8CF4-6D82-FF9DF68549C6} = {02EA681E-C7D8-13C7-8484-4AC65E1B71E8}
		{E0EA1E4A-7409-4F44-8A21-43B1C72ED479} = {4670E6BF-9CEC-8CF4-6D82-FF9DF68549C6}
		{EF36FAD3-8C3E-4EE4-A8DD-6CE79CAD6C67} = {4670E6BF-9CEC-8CF4-6D82-FF9DF68549C6}
		{24F05DC7-A65C-48CA-9BD7-22F383A40A6E} = {4670E6BF-9CEC-8CF4-6D82-FF9DF68549C6}
		{911C0EAA-8C7E-4CD6-8DA5-6C457B4C92C1} = {4670E6BF-9CEC-8CF4-6D82-FF9DF68549C6}
		{9634C14A-5E5B-4554-9543-6F8894632ED1} = {4670E6BF-9CEC-8CF4-6D82-FF9DF68549C6}
		{8C502F60-8965-4D92-D506-7A4BD8D4A5E2} = {02EA681E-C7D8-13C7-8484-4AC65E1B71E8}
		{B6A1BE7C-ABA6-485E-A726-6CF17BF70B27} = {8C502F60-8965-4D92-D506-7A4BD8D4A5E2}
		{912D5ECB-D444-4AC4-9C22-89D7F7703D40} = {8C502F60-8965-4D92-D506-7A4BD8D4A5E2}
		{D398F8E3-7BEE-4DBC-82FB-CAB5E6AA25F9} = {8C502F60-8965-4D92-D506-7A4BD8D4A5E2}
		{328DC691-7058-43E3-9AE7-86D66E389B2D} = {8C502F60-8965-4D92-D506-7A4BD8D4A5E2}
		{43428DBD-F94D-4F97-93F3-6EFD7F088AE5} = {8C502F60-8965-4D92-D506-7A4BD8D4A5E2}
		{FB5EFED5-F0C3-663F-6434-0245F9A01B95} = {02EA681E-C7D8-13C7-8484-4AC65E1B71E8}
		{32E83C14-DD52-4841-9AAF-4C9F5BBA314A} = {FB5EFED5-F0C3-663F-6434-0245F9A01B95}
		{58939C55-71E0-476F-98FC-A6A384855532} = {FB5EFED5-F0C3-663F-6434-0245F9A01B95}
		{3A49D43E-299B-403B-89AC-4B0C2D93C845} = {FB5EFED5-F0C3-663F-6434-0245F9A01B95}
		{F86369EB-3979-4651-AF1A-215FE82555E0} = {FB5EFED5-F0C3-663F-6434-0245F9A01B95}
		{350B37A1-C40C-4B76-8FC1-906A99C40666} = {C05BF779-85D3-443E-9075-5AEE5C7D2161}
		{1E6DDFA9-FAD7-4011-8FB0-25F0E318523D} = {02EA681E-C7D8-13C7-8484-4AC65E1B71E8}
		{17148DF8-1946-474A-9FC8-CF25CD3285C8} = {1E6DDFA9-FAD7-4011-8FB0-25F0E318523D}
		{BA327B2D-F242-46FF-A909-7F1E57A2C7AE} = {1E6DDFA9-FAD7-4011-8FB0-25F0E318523D}
		{9858DBCB-EC55-4E1F-8839-1E52DEB23556} = {1E6DDFA9-FAD7-4011-8FB0-25F0E318523D}
		{504513DB-43BC-435B-A79D-397228DAD1A8} = {1E6DDFA9-FAD7-4011-8FB0-25F0E318523D}
		{54EF5859-EC4E-4D83-887A-FF204B971CD5} = {1E6DDFA9-FAD7-4011-8FB0-25F0E318523D}
		{0D02797D-001A-4FBA-88C2-4D21DFB8F72D} = {02EA681E-C7D8-13C7-8484-4AC65E1B71E8}
		{23AF8665-4671-4223-9CFE-A62B04AC9FAC} = {0D02797D-001A-4FBA-88C2-4D21DFB8F72D}
		{81842FFF-25D9-4904-9A04-E59932F19A79} = {0D02797D-001A-4FBA-88C2-4D21DFB8F72D}
		{4659FA02-5C21-4528-8A6F-E66587268F42} = {0D02797D-001A-4FBA-88C2-4D21DFB8F72D}
		{4C0EAF0A-64A2-40BF-AA1E-E7879635F80E} = {0D02797D-001A-4FBA-88C2-4D21DFB8F72D}
		{A125EED5-68FA-4F87-A2C4-66EA4EAEABEA} = {0D02797D-001A-4FBA-88C2-4D21DFB8F72D}
	EndGlobalSection
	GlobalSection(ExtensibilityGlobals) = postSolution
		SolutionGuid = {1FF37827-656B-4F4B-B57B-A41BC3C1DCC9}
	EndGlobalSection
EndGlobal
